
Microsoft Visual Studio Solution File, Format Version 12.00
# Visual Studio Version 16
VisualStudioVersion = 16.0.30503.244
MinimumVisualStudioVersion = 10.0.40219.1
Project("{9A19103F-16F7-4668-BE54-9A1E7A4F7556}") = "VirtualAssistant", "VirtualAssistant\VirtualAssistant.csproj", "{86EB1479-1211-4BEF-A250-529884D3B9BC}"
EndProject
Global
	GlobalSection(SolutionConfigurationPlatforms) = preSolution
		Debug|Any CPU = Debug|Any CPU
		Release|Any CPU = Release|Any CPU
	EndGlobalSection
	GlobalSection(ProjectConfigurationPlatforms) = postSolution
		{86EB1479-1211-4BEF-A250-529884D3B9BC}.Debug|Any CPU.ActiveCfg = Debug|Any CPU
		{86EB1479-1211-4BEF-A250-529884D3B9BC}.Debug|Any CPU.Build.0 = Debug|Any CPU
		{86EB1479-1211-4BEF-A250-529884D3B9BC}.Release|Any CPU.ActiveCfg = Release|Any CPU
		{86EB1479-1211-4BEF-A250-529884D3B9BC}.Release|Any CPU.Build.0 = Release|Any CPU
	EndGlobalSection
	GlobalSection(SolutionProperties) = preSolution
		HideSolutionNode = FALSE
	EndGlobalSection
	GlobalSection(ExtensibilityGlobals) = postSolution
		SolutionGuid = {5FE1772E-95A9-40BA-A92A-ECF37FA0A11E}
	EndGlobalSection
EndGlobal
